Microsoft Visual Studio Solution File, Format Version 12.00
# Visual Studio Version 17
VisualStudioVersion = 17.5.2.0
MinimumVisualStudioVersion = 10.0.40219.1
Project("{FAE04EC0-301F-11D3-BF4B-00C04F79EFBC}") = "FunktioHarkka05", "FunktioHarkka05.csproj", "{5DC01C6C-21F5-825C-484C-2469356120E3}"
EndProject
Global
	GlobalSection(SolutionConfigurationPlatforms) = preSolution
		Debug|Any CPU = Debug|Any CPU
		Release|Any CPU = Release|Any CPU
	EndGlobalSection
	GlobalSection(ProjectConfigurationPlatforms) = postSolution
		{5DC01C6C-21F5-825C-484C-2469356120E3}.Debug|Any CPU.ActiveCfg = Debug|Any CPU
		{5DC01C6C-21F5-825C-484C-2469356120E3}.Debug|Any CPU.Build.0 = Debug|Any CPU
		{5DC01C6C-21F5-825C-484C-2469356120E3}.Release|Any CPU.ActiveCfg = Release|Any CPU
		{5DC01C6C-21F5-825C-484C-2469356120E3}.Release|Any CPU.Build.0 = Release|Any CPU
	EndGlobalSection
	GlobalSection(SolutionProperties) = preSolution
		HideSolutionNode = FALSE
	EndGlobalSection
	GlobalSection(ExtensibilityGlobals) = postSolution
		SolutionGuid = {52D34EB5-92BE-48C0-81C6-81913AD6A724}
	EndGlobalSection
EndGlobal
