Microsoft Visual Studio Solution File, Format Version 12.00
# Visual Studio Version 17
VisualStudioVersion = 17.5.2.0
MinimumVisualStudioVersion = 10.0.40219.1
Project("{FAE04EC0-301F-11D3-BF4B-00C04F79EFBC}") = "muuttuja02", "muuttuja02.csproj", "{9B56058C-03F3-2ADE-C05D-024F2B5CC938}"
EndProject
Global
	GlobalSection(SolutionConfigurationPlatforms) = preSolution
		Debug|Any CPU = Debug|Any CPU
		Release|Any CPU = Release|Any CPU
	EndGlobalSection
	GlobalSection(ProjectConfigurationPlatforms) = postSolution
		{9B56058C-03F3-2ADE-C05D-024F2B5CC938}.Debug|Any CPU.ActiveCfg = Debug|Any CPU
		{9B56058C-03F3-2ADE-C05D-024F2B5CC938}.Debug|Any CPU.Build.0 = Debug|Any CPU
		{9B56058C-03F3-2ADE-C05D-024F2B5CC938}.Release|Any CPU.ActiveCfg = Release|Any CPU
		{9B56058C-03F3-2ADE-C05D-024F2B5CC938}.Release|Any CPU.Build.0 = Release|Any CPU
	EndGlobalSection
	GlobalSection(SolutionProperties) = preSolution
		HideSolutionNode = FALSE
	EndGlobalSection
	GlobalSection(ExtensibilityGlobals) = postSolution
		SolutionGuid = {69C0A91D-43FD-4CD6-92D9-6B046A8B99B7}
	EndGlobalSection
EndGlobal
