Microsoft Visual Studio Solution File, Format Version 12.00
# Visual Studio Version 17
VisualStudioVersion = 17.5.2.0
MinimumVisualStudioVersion = 10.0.40219.1
Project("{FAE04EC0-301F-11D3-BF4B-00C04F79EFBC}") = "FunktioHarkka04", "FunktioHarkka04.csproj", "{5E17388D-4FB6-E4E0-6E09-0B84A702BAF7}"
EndProject
Global
	GlobalSection(SolutionConfigurationPlatforms) = preSolution
		Debug|Any CPU = Debug|Any CPU
		Release|Any CPU = Release|Any CPU
	EndGlobalSection
	GlobalSection(ProjectConfigurationPlatforms) = postSolution
		{5E17388D-4FB6-E4E0-6E09-0B84A702BAF7}.Debug|Any CPU.ActiveCfg = Debug|Any CPU
		{5E17388D-4FB6-E4E0-6E09-0B84A702BAF7}.Debug|Any CPU.Build.0 = Debug|Any CPU
		{5E17388D-4FB6-E4E0-6E09-0B84A702BAF7}.Release|Any CPU.ActiveCfg = Release|Any CPU
		{5E17388D-4FB6-E4E0-6E09-0B84A702BAF7}.Release|Any CPU.Build.0 = Release|Any CPU
	EndGlobalSection
	GlobalSection(SolutionProperties) = preSolution
		HideSolutionNode = FALSE
	EndGlobalSection
	GlobalSection(ExtensibilityGlobals) = postSolution
		SolutionGuid = {48491735-7BB4-4A9E-A55D-589535FB0139}
	EndGlobalSection
EndGlobal
