Microsoft Visual Studio Solution File, Format Version 12.00
# Visual Studio Version 17
VisualStudioVersion = 17.5.2.0
MinimumVisualStudioVersion = 10.0.40219.1
Project("{FAE04EC0-301F-11D3-BF4B-00C04F79EFBC}") = "EhtolauseHarkka01", "EhtolauseHarkka01.csproj", "{F8E1F56E-F20D-EB5C-800A-813B43EC0465}"
EndProject
Global
	GlobalSection(SolutionConfigurationPlatforms) = preSolution
		Debug|Any CPU = Debug|Any CPU
		Release|Any CPU = Release|Any CPU
	EndGlobalSection
	GlobalSection(ProjectConfigurationPlatforms) = postSolution
		{F8E1F56E-F20D-EB5C-800A-813B43EC0465}.Debug|Any CPU.ActiveCfg = Debug|Any CPU
		{F8E1F56E-F20D-EB5C-800A-813B43EC0465}.Debug|Any CPU.Build.0 = Debug|Any CPU
		{F8E1F56E-F20D-EB5C-800A-813B43EC0465}.Release|Any CPU.ActiveCfg = Release|Any CPU
		{F8E1F56E-F20D-EB5C-800A-813B43EC0465}.Release|Any CPU.Build.0 = Release|Any CPU
	EndGlobalSection
	GlobalSection(SolutionProperties) = preSolution
		HideSolutionNode = FALSE
	EndGlobalSection
	GlobalSection(ExtensibilityGlobals) = postSolution
		SolutionGuid = {5C3B2CAD-6BF8-468C-9360-F1C8DB29933F}
	EndGlobalSection
EndGlobal
