Microsoft Visual Studio Solution File, Format Version 12.00
# Visual Studio Version 17
VisualStudioVersion = 17.5.2.0
MinimumVisualStudioVersion = 10.0.40219.1
Project("{FAE04EC0-301F-11D3-BF4B-00C04F79EFBC}") = "FunktioHarkka03", "FunktioHarkka03.csproj", "{E6F6F471-2344-BCE5-57BD-80A5D975EBD6}"
EndProject
Global
	GlobalSection(SolutionConfigurationPlatforms) = preSolution
		Debug|Any CPU = Debug|Any CPU
		Release|Any CPU = Release|Any CPU
	EndGlobalSection
	GlobalSection(ProjectConfigurationPlatforms) = postSolution
		{E6F6F471-2344-BCE5-57BD-80A5D975EBD6}.Debug|Any CPU.ActiveCfg = Debug|Any CPU
		{E6F6F471-2344-BCE5-57BD-80A5D975EBD6}.Debug|Any CPU.Build.0 = Debug|Any CPU
		{E6F6F471-2344-BCE5-57BD-80A5D975EBD6}.Release|Any CPU.ActiveCfg = Release|Any CPU
		{E6F6F471-2344-BCE5-57BD-80A5D975EBD6}.Release|Any CPU.Build.0 = Release|Any CPU
	EndGlobalSection
	GlobalSection(SolutionProperties) = preSolution
		HideSolutionNode = FALSE
	EndGlobalSection
	GlobalSection(ExtensibilityGlobals) = postSolution
		SolutionGuid = {F7E42E6A-3949-4F44-9A39-90458DB5E1E2}
	EndGlobalSection
EndGlobal
